
Microsoft Visual Studio Solution File, Format Version 12.00
# Visual Studio Version 17
VisualStudioVersion = 17.9.34526.213
MinimumVisualStudioVersion = 10.0.40219.1
Project("{9A19103F-16F7-4668-BE54-9A1E7A4F7556}") = "HangfireServer", "HangfireServer\HangfireServer.csproj", "{4CB41EC4-E04B-4C86-B9C7-EB1CCD9AA035}"
EndProject
Project("{FAE04EC0-301F-11D3-BF4B-00C04F79EFBC}") = "MyWebApp", "MyWebApp\MyWebApp.csproj", "{E76A8F49-800D-433F-81AA-F7D6389748F3}"
EndProject
Global
	GlobalSection(SolutionConfigurationPlatforms) = preSolution
		Debug|Any CPU = Debug|Any CPU
		Release|Any CPU = Release|Any CPU
	EndGlobalSection
	GlobalSection(ProjectConfigurationPlatforms) = postSolution
		{4CB41EC4-E04B-4C86-B9C7-EB1CCD9AA035}.Debug|Any CPU.ActiveCfg = Debug|Any CPU
		{4CB41EC4-E04B-4C86-B9C7-EB1CCD9AA035}.Debug|Any CPU.Build.0 = Debug|Any CPU
		{4CB41EC4-E04B-4C86-B9C7-EB1CCD9AA035}.Release|Any CPU.ActiveCfg = Release|Any CPU
		{4CB41EC4-E04B-4C86-B9C7-EB1CCD9AA035}.Release|Any CPU.Build.0 = Release|Any CPU
		{E76A8F49-800D-433F-81AA-F7D6389748F3}.Debug|Any CPU.ActiveCfg = Debug|Any CPU
		{E76A8F49-800D-433F-81AA-F7D6389748F3}.Debug|Any CPU.Build.0 = Debug|Any CPU
		{E76A8F49-800D-433F-81AA-F7D6389748F3}.Release|Any CPU.ActiveCfg = Release|Any CPU
		{E76A8F49-800D-433F-81AA-F7D6389748F3}.Release|Any CPU.Build.0 = Release|Any CPU
	EndGlobalSection
	GlobalSection(SolutionProperties) = preSolution
		HideSolutionNode = FALSE
	EndGlobalSection
	GlobalSection(ExtensibilityGlobals) = postSolution
		SolutionGuid = {B25D915D-6150-45FC-9D96-18463B832B67}
	EndGlobalSection
EndGlobal
